{
  "name": "zilliqa-js",
  "version": "0.1.19",
  "lockfileVersion": 1,
  "requires": true,
  "dependencies": {
    "prettier": {
      "version": "1.14.3",
      "resolved": "https://registry.npmjs.org/prettier/-/prettier-1.14.3.tgz",
      "integrity": "sha512-qZDVnCrnpsRJJq5nSsiHCE3BYMED2OtsI+cmzIzF1QIfqm5ALf8tEJcO27zV1gKNKRPdhjO0dNWnrzssDQ1tFg==",
      "dev": true
    },
    "tslint-config-prettier": {
      "version": "1.15.0",
      "resolved": "https://registry.npmjs.org/tslint-config-prettier/-/tslint-config-prettier-1.15.0.tgz",
      "integrity": "sha512-06CgrHJxJmNYVgsmeMoa1KXzQRoOdvfkqnJth6XUkNeOz707qxN0WfxfhYwhL5kXHHbYJRby2bqAPKwThlZPhw==",
      "dev": true
    }
  }
}
